
Microsoft Visual Studio Solution File, Format Version 12.00
# Visual Studio Version 17
VisualStudioVersion = 17.5.002.0
MinimumVisualStudioVersion = 10.0.40219.1
Project("{9A19103F-16F7-4668-BE54-9A1E7A4F7556}") = "rent-car", "rent-car.csproj", "{8EA93964-F0CE-4543-B771-25E963D5E0FE}"
EndProject
Project("{FAE04EC0-301F-11D3-BF4B-00C04F79EFBC}") = "rentcar.test", "..\test\rentcar.test.csproj", "{41D621E8-2638-4FF4-B800-64AE11F44FCB}"
EndProject
Global
	GlobalSection(SolutionConfigurationPlatforms) = preSolution
		Debug|Any CPU = Debug|Any CPU
		Release|Any CPU = Release|Any CPU
	EndGlobalSection
	GlobalSection(ProjectConfigurationPlatforms) = postSolution
		{8EA93964-F0CE-4543-B771-25E963D5E0FE}.Debug|Any CPU.ActiveCfg = Debug|Any CPU
		{8EA93964-F0CE-4543-B771-25E963D5E0FE}.Debug|Any CPU.Build.0 = Debug|Any CPU
		{8EA93964-F0CE-4543-B771-25E963D5E0FE}.Release|Any CPU.ActiveCfg = Release|Any CPU
		{8EA93964-F0CE-4543-B771-25E963D5E0FE}.Release|Any CPU.Build.0 = Release|Any CPU
		{41D621E8-2638-4FF4-B800-64AE11F44FCB}.Debug|Any CPU.ActiveCfg = Debug|Any CPU
		{41D621E8-2638-4FF4-B800-64AE11F44FCB}.Debug|Any CPU.Build.0 = Debug|Any CPU
		{41D621E8-2638-4FF4-B800-64AE11F44FCB}.Release|Any CPU.ActiveCfg = Release|Any CPU
		{41D621E8-2638-4FF4-B800-64AE11F44FCB}.Release|Any CPU.Build.0 = Release|Any CPU
	EndGlobalSection
	GlobalSection(SolutionProperties) = preSolution
		HideSolutionNode = FALSE
	EndGlobalSection
	GlobalSection(ExtensibilityGlobals) = postSolution
		SolutionGuid = {2661689C-F7A5-4BE9-9FA6-6889532617E7}
	EndGlobalSection
EndGlobal
